{
  "name": "gfxsearch",
  "version": "1.0.0",
  "lockfileVersion": 3,
  "requires": true,
  "packages": {
    "": {
      "name": "gfxsearch",
      "version": "1.0.0",
      "license": "ISC",
      "dependencies": {
        "jomini": "^0.9.1"
      }
    },
    "node_modules/jomini": {
      "version": "0.9.1",
      "resolved": "https://registry.npmjs.org/jomini/-/jomini-0.9.1.tgz",
      "integrity": "sha512-aSLMMiCuvIaEh48W1md6aHMYWArFeP4Z7r7GSUn5q5RQjG/A5rwNleyyahv35wHbKyxLrndJxF4k97PMrlihPA==",
      "license": "MIT"
    }
  }
}
